// !$*UTF8*$!
{
	archiveVersion = 1;
	classes = {
	};
	objectVersion = 56;
	objects = {

/* Begin PBXBuildFile section */
		E102BAB42ABF2C1800A58960 /* CameraView.swift in Sources */ = {isa = PBXBuildFile; fileRef = E102BAB32ABF2C1800A58960 /* CameraView.swift */; };
		E118E9922AC1B35700BB2BAB /* DiscListItem.swift in Sources */ = {isa = PBXBuildFile; fileRef = E118E9912AC1B35700BB2BAB /* DiscListItem.swift */; };
		E118E9942AC1B3DA00BB2BAB /* DiscListFlightNumbers.swift in Sources */ = {isa = PBXBuildFile; fileRef = E118E9932AC1B3DA00BB2BAB /* DiscListFlightNumbers.swift */; };
		E118E9972AC1B47300BB2BAB /* DiscDetailFlightNumbers.swift in Sources */ = {isa = PBXBuildFile; fileRef = E118E9962AC1B47300BB2BAB /* DiscDetailFlightNumbers.swift */; };
		E118E9992AC1B4C200BB2BAB /* DiscDetailOtherInfo.swift in Sources */ = {isa = PBXBuildFile; fileRef = E118E9982AC1B4C200BB2BAB /* DiscDetailOtherInfo.swift */; };
		E118E99C2AC1B54700BB2BAB /* DiscTemplateDetailType.swift in Sources */ = {isa = PBXBuildFile; fileRef = E118E99B2AC1B54700BB2BAB /* DiscTemplateDetailType.swift */; };
		E118E99E2AC1B5AC00BB2BAB /* DiscTemplateDetailFlightNumbers.swift in Sources */ = {isa = PBXBuildFile; fileRef = E118E99D2AC1B5AC00BB2BAB /* DiscTemplateDetailFlightNumbers.swift */; };
		E118E9A02AC1B7E100BB2BAB /* DiscCollectionHeader.swift in Sources */ = {isa = PBXBuildFile; fileRef = E118E99F2AC1B7E100BB2BAB /* DiscCollectionHeader.swift */; };
		E118E9A32AC1B85600BB2BAB /* DiscGridItem.swift in Sources */ = {isa = PBXBuildFile; fileRef = E118E9A22AC1B85600BB2BAB /* DiscGridItem.swift */; };
		E129A3312AA8B27900A9E255 /* DiscDrawerApp.swift in Sources */ = {isa = PBXBuildFile; fileRef = E129A3302AA8B27900A9E255 /* DiscDrawerApp.swift */; };
		E129A3332AA8B27900A9E255 /* ContentView.swift in Sources */ = {isa = PBXBuildFile; fileRef = E129A3322AA8B27900A9E255 /* ContentView.swift */; };
		E129A3352AA8B27A00A9E255 /* Assets.xcassets in Resources */ = {isa = PBXBuildFile; fileRef = E129A3342AA8B27A00A9E255 /* Assets.xcassets */; };
		E129A3382AA8B27A00A9E255 /* Preview Assets.xcassets in Resources */ = {isa = PBXBuildFile; fileRef = E129A3372AA8B27A00A9E255 /* Preview Assets.xcassets */; };
		E129A3442AA8B3A100A9E255 /* DataController.swift in Sources */ = {isa = PBXBuildFile; fileRef = E129A3432AA8B3A100A9E255 /* DataController.swift */; };
		E129A3462AA8B4F700A9E255 /* AddEditDiscView.swift in Sources */ = {isa = PBXBuildFile; fileRef = E129A3452AA8B4F700A9E255 /* AddEditDiscView.swift */; };
		E13913F62AB1E84900CD9502 /* DiscDrawer.xcdatamodeld in Sources */ = {isa = PBXBuildFile; fileRef = E13913F42AB1E84900CD9502 /* DiscDrawer.xcdatamodeld */; };
		E13913F92AB1E88E00CD9502 /* DiscTemplate+CoreDataClass.swift in Sources */ = {isa = PBXBuildFile; fileRef = E13913F72AB1E88E00CD9502 /* DiscTemplate+CoreDataClass.swift */; };
		E13913FA2AB1E88E00CD9502 /* DiscTemplate+CoreDataProperties.swift in Sources */ = {isa = PBXBuildFile; fileRef = E13913F82AB1E88E00CD9502 /* DiscTemplate+CoreDataProperties.swift */; };
		E13913FC2AB208B000CD9502 /* DiscTemplateList.swift in Sources */ = {isa = PBXBuildFile; fileRef = E13913FB2AB208B000CD9502 /* DiscTemplateList.swift */; };
		E13914002AB20BE000CD9502 /* Disc+CoreDataClass.swift in Sources */ = {isa = PBXBuildFile; fileRef = E13913FE2AB20BE000CD9502 /* Disc+CoreDataClass.swift */; };
		E13914012AB20BE000CD9502 /* Disc+CoreDataProperties.swift in Sources */ = {isa = PBXBuildFile; fileRef = E13913FF2AB20BE000CD9502 /* Disc+CoreDataProperties.swift */; };
		E14B6A732ABFC36A00A6894C /* UIPickerController+CropFix.swift in Sources */ = {isa = PBXBuildFile; fileRef = E14B6A722ABFC36A00A6894C /* UIPickerController+CropFix.swift */; };
		E1570BAF2AB331B0007315C9 /* DiscDetailView.swift in Sources */ = {isa = PBXBuildFile; fileRef = E1570BAE2AB331B0007315C9 /* DiscDetailView.swift */; };
		E1A8E2262AB78A4400903543 /* DiscTemplateDetailView.swift in Sources */ = {isa = PBXBuildFile; fileRef = E1A8E2252AB78A4400903543 /* DiscTemplateDetailView.swift */; };
		E1CE52022AAF91B60044134D /* FilteredDiscView.swift in Sources */ = {isa = PBXBuildFile; fileRef = E1CE52012AAF91B60044134D /* FilteredDiscView.swift */; };
		E1CE520D2AB094BA0044134D /* DiscList.swift in Sources */ = {isa = PBXBuildFile; fileRef = E1CE520C2AB094BA0044134D /* DiscList.swift */; };
		E1CE52102AB098730044134D /* DiscGrid.swift in Sources */ = {isa = PBXBuildFile; fileRef = E1CE520F2AB098730044134D /* DiscGrid.swift */; };
		E1CE52142AB0A5850044134D /* LogoView.swift in Sources */ = {isa = PBXBuildFile; fileRef = E1CE52132AB0A5850044134D /* LogoView.swift */; };
/* End PBXBuildFile section */

/* Begin PBXFileReference section */
		E102BAB32ABF2C1800A58960 /* CameraView.swift */ = {isa = PBXFileReference; lastKnownFileType = sourcecode.swift; path = CameraView.swift; sourceTree = "<group>"; };
		E118E9912AC1B35700BB2BAB /* DiscListItem.swift */ = {isa = PBXFileReference; lastKnownFileType = sourcecode.swift; path = DiscListItem.swift; sourceTree = "<group>"; };
		E118E9932AC1B3DA00BB2BAB /* DiscListFlightNumbers.swift */ = {isa = PBXFileReference; lastKnownFileType = sourcecode.swift; path = DiscListFlightNumbers.swift; sourceTree = "<group>"; };
		E118E9962AC1B47300BB2BAB /* DiscDetailFlightNumbers.swift */ = {isa = PBXFileReference; lastKnownFileType = sourcecode.swift; path = DiscDetailFlightNumbers.swift; sourceTree = "<group>"; };
		E118E9982AC1B4C200BB2BAB /* DiscDetailOtherInfo.swift */ = {isa = PBXFileReference; lastKnownFileType = sourcecode.swift; path = DiscDetailOtherInfo.swift; sourceTree = "<group>"; };
		E118E99B2AC1B54700BB2BAB /* DiscTemplateDetailType.swift */ = {isa = PBXFileReference; lastKnownFileType = sourcecode.swift; path = DiscTemplateDetailType.swift; sourceTree = "<group>"; };
		E118E99D2AC1B5AC00BB2BAB /* DiscTemplateDetailFlightNumbers.swift */ = {isa = PBXFileReference; lastKnownFileType = sourcecode.swift; path = DiscTemplateDetailFlightNumbers.swift; sourceTree = "<group>"; };
		E118E99F2AC1B7E100BB2BAB /* DiscCollectionHeader.swift */ = {isa = PBXFileReference; lastKnownFileType = sourcecode.swift; path = DiscCollectionHeader.swift; sourceTree = "<group>"; };
		E118E9A22AC1B85600BB2BAB /* DiscGridItem.swift */ = {isa = PBXFileReference; lastKnownFileType = sourcecode.swift; path = DiscGridItem.swift; sourceTree = "<group>"; };
		E129A32D2AA8B27900A9E255 /* DiscDrawer.app */ = {isa = PBXFileReference; explicitFileType = wrapper.application; includeInIndex = 0; path = DiscDrawer.app; sourceTree = BUILT_PRODUCTS_DIR; };
		E129A3302AA8B27900A9E255 /* DiscDrawerApp.swift */ = {isa = PBXFileReference; lastKnownFileType = sourcecode.swift; path = DiscDrawerApp.swift; sourceTree = "<group>"; };
		E129A3322AA8B27900A9E255 /* ContentView.swift */ = {isa = PBXFileReference; lastKnownFileType = sourcecode.swift; path = ContentView.swift; sourceTree = "<group>"; };
		E129A3342AA8B27A00A9E255 /* Assets.xcassets */ = {isa = PBXFileReference; lastKnownFileType = folder.assetcatalog; path = Assets.xcassets; sourceTree = "<group>"; };
		E129A3372AA8B27A00A9E255 /* Preview Assets.xcassets */ = {isa = PBXFileReference; lastKnownFileType = folder.assetcatalog; path = "Preview Assets.xcassets"; sourceTree = "<group>"; };
		E129A3432AA8B3A100A9E255 /* DataController.swift */ = {isa = PBXFileReference; lastKnownFileType = sourcecode.swift; path = DataController.swift; sourceTree = "<group>"; };
		E129A3452AA8B4F700A9E255 /* AddEditDiscView.swift */ = {isa = PBXFileReference; lastKnownFileType = sourcecode.swift; path = AddEditDiscView.swift; sourceTree = "<group>"; };
		E13913F52AB1E84900CD9502 /* DiscDrawer.xcdatamodel */ = {isa = PBXFileReference; lastKnownFileType = wrapper.xcdatamodel; path = DiscDrawer.xcdatamodel; sourceTree = "<group>"; };
		E13913F72AB1E88E00CD9502 /* DiscTemplate+CoreDataClass.swift */ = {isa = PBXFileReference; lastKnownFileType = sourcecode.swift; path = "DiscTemplate+CoreDataClass.swift"; sourceTree = "<group>"; };
		E13913F82AB1E88E00CD9502 /* DiscTemplate+CoreDataProperties.swift */ = {isa = PBXFileReference; lastKnownFileType = sourcecode.swift; path = "DiscTemplate+CoreDataProperties.swift"; sourceTree = "<group>"; };
		E13913FB2AB208B000CD9502 /* DiscTemplateList.swift */ = {isa = PBXFileReference; lastKnownFileType = sourcecode.swift; path = DiscTemplateList.swift; sourceTree = "<group>"; };
		E13913FE2AB20BE000CD9502 /* Disc+CoreDataClass.swift */ = {isa = PBXFileReference; lastKnownFileType = sourcecode.swift; path = "Disc+CoreDataClass.swift"; sourceTree = "<group>"; };
		E13913FF2AB20BE000CD9502 /* Disc+CoreDataProperties.swift */ = {isa = PBXFileReference; lastKnownFileType = sourcecode.swift; path = "Disc+CoreDataProperties.swift"; sourceTree = "<group>"; };
		E14B6A722ABFC36A00A6894C /* UIPickerController+CropFix.swift */ = {isa = PBXFileReference; lastKnownFileType = sourcecode.swift; path = "UIPickerController+CropFix.swift"; sourceTree = "<group>"; };
		E1570BAE2AB331B0007315C9 /* DiscDetailView.swift */ = {isa = PBXFileReference; lastKnownFileType = sourcecode.swift; path = DiscDetailView.swift; sourceTree = "<group>"; };
		E1A8E2252AB78A4400903543 /* DiscTemplateDetailView.swift */ = {isa = PBXFileReference; lastKnownFileType = sourcecode.swift; path = DiscTemplateDetailView.swift; sourceTree = "<group>"; };
		E1CE52012AAF91B60044134D /* FilteredDiscView.swift */ = {isa = PBXFileReference; lastKnownFileType = sourcecode.swift; path = FilteredDiscView.swift; sourceTree = "<group>"; };
		E1CE520C2AB094BA0044134D /* DiscList.swift */ = {isa = PBXFileReference; lastKnownFileType = sourcecode.swift; path = DiscList.swift; sourceTree = "<group>"; };
		E1CE520F2AB098730044134D /* DiscGrid.swift */ = {isa = PBXFileReference; lastKnownFileType = sourcecode.swift; path = DiscGrid.swift; sourceTree = "<group>"; };
		E1CE52132AB0A5850044134D /* LogoView.swift */ = {isa = PBXFileReference; lastKnownFileType = sourcecode.swift; path = LogoView.swift; sourceTree = "<group>"; };
/* End PBXFileReference section */

/* Begin PBXFrameworksBuildPhase section */
		E129A32A2AA8B27900A9E255 /* Frameworks */ = {
			isa = PBXFrameworksBuildPhase;
			buildActionMask = 2147483647;
			files = (
			);
			runOnlyForDeploymentPostprocessing = 0;
		};
/* End PBXFrameworksBuildPhase section */

/* Begin PBXGroup section */
		E118E9902AC1B34A00BB2BAB /* Disc List */ = {
			isa = PBXGroup;
			children = (
				E1CE520C2AB094BA0044134D /* DiscList.swift */,
				E118E9912AC1B35700BB2BAB /* DiscListItem.swift */,
				E118E9932AC1B3DA00BB2BAB /* DiscListFlightNumbers.swift */,
			);
			path = "Disc List";
			sourceTree = "<group>";
		};
		E118E9952AC1B45100BB2BAB /* DiscDetailView */ = {
			isa = PBXGroup;
			children = (
				E1570BAE2AB331B0007315C9 /* DiscDetailView.swift */,
				E118E9962AC1B47300BB2BAB /* DiscDetailFlightNumbers.swift */,
				E118E9982AC1B4C200BB2BAB /* DiscDetailOtherInfo.swift */,
			);
			path = DiscDetailView;
			sourceTree = "<group>";
		};
		E118E99A2AC1B51A00BB2BAB /* DiscTemplateDetailView */ = {
			isa = PBXGroup;
			children = (
				E1A8E2252AB78A4400903543 /* DiscTemplateDetailView.swift */,
				E118E99B2AC1B54700BB2BAB /* DiscTemplateDetailType.swift */,
				E118E99D2AC1B5AC00BB2BAB /* DiscTemplateDetailFlightNumbers.swift */,
			);
			path = DiscTemplateDetailView;
			sourceTree = "<group>";
		};
		E118E9A12AC1B83F00BB2BAB /* Disc Grid */ = {
			isa = PBXGroup;
			children = (
				E1CE520F2AB098730044134D /* DiscGrid.swift */,
				E118E9A22AC1B85600BB2BAB /* DiscGridItem.swift */,
			);
			path = "Disc Grid";
			sourceTree = "<group>";
		};
		E129A3242AA8B27900A9E255 = {
			isa = PBXGroup;
			children = (
				E129A32F2AA8B27900A9E255 /* DiscDrawer */,
				E129A32E2AA8B27900A9E255 /* Products */,
			);
			sourceTree = "<group>";
		};
		E129A32E2AA8B27900A9E255 /* Products */ = {
			isa = PBXGroup;
			children = (
				E129A32D2AA8B27900A9E255 /* DiscDrawer.app */,
			);
			name = Products;
			sourceTree = "<group>";
		};
		E129A32F2AA8B27900A9E255 /* DiscDrawer */ = {
			isa = PBXGroup;
			children = (
				E129A3302AA8B27900A9E255 /* DiscDrawerApp.swift */,
				E129A3422AA8B2D000A9E255 /* Models */,
				E129A33E2AA8B29600A9E255 /* Views */,
				E14B6A742ABFC3B100A6894C /* Extensions */,
				E129A3342AA8B27A00A9E255 /* Assets.xcassets */,
				E129A3362AA8B27A00A9E255 /* Preview Content */,
			);
			path = DiscDrawer;
			sourceTree = "<group>";
		};
		E129A3362AA8B27A00A9E255 /* Preview Content */ = {
			isa = PBXGroup;
			children = (
				E129A3372AA8B27A00A9E255 /* Preview Assets.xcassets */,
			);
			path = "Preview Content";
			sourceTree = "<group>";
		};
		E129A33E2AA8B29600A9E255 /* Views */ = {
			isa = PBXGroup;
			children = (
				E1CE52132AB0A5850044134D /* LogoView.swift */,
				E129A3322AA8B27900A9E255 /* ContentView.swift */,
				E14B6A702ABF3B4000A6894C /* Detail Views */,
				E14B6A712ABF3B6100A6894C /* Editing Views */,
				E1CE520E2AB096B70044134D /* Disc Listings */,
			);
			path = Views;
			sourceTree = "<group>";
		};
		E129A3422AA8B2D000A9E255 /* Models */ = {
			isa = PBXGroup;
			children = (
				E13913FD2AB20B8F00CD9502 /* Disc+CoreData */,
				E13913E72AB1E16800CD9502 /* DiscTemplate+CoreData */,
				E13913F42AB1E84900CD9502 /* DiscDrawer.xcdatamodeld */,
				E129A3432AA8B3A100A9E255 /* DataController.swift */,
			);
			path = Models;
			sourceTree = "<group>";
		};
		E13913E72AB1E16800CD9502 /* DiscTemplate+CoreData */ = {
			isa = PBXGroup;
			children = (
				E13913F72AB1E88E00CD9502 /* DiscTemplate+CoreDataClass.swift */,
				E13913F82AB1E88E00CD9502 /* DiscTemplate+CoreDataProperties.swift */,
			);
			path = "DiscTemplate+CoreData";
			sourceTree = "<group>";
		};
		E13913FD2AB20B8F00CD9502 /* Disc+CoreData */ = {
			isa = PBXGroup;
			children = (
				E13913FE2AB20BE000CD9502 /* Disc+CoreDataClass.swift */,
				E13913FF2AB20BE000CD9502 /* Disc+CoreDataProperties.swift */,
			);
			path = "Disc+CoreData";
			sourceTree = "<group>";
		};
		E14B6A702ABF3B4000A6894C /* Detail Views */ = {
			isa = PBXGroup;
			children = (
				E118E9952AC1B45100BB2BAB /* DiscDetailView */,
				E118E99A2AC1B51A00BB2BAB /* DiscTemplateDetailView */,
			);
			path = "Detail Views";
			sourceTree = "<group>";
		};
		E14B6A712ABF3B6100A6894C /* Editing Views */ = {
			isa = PBXGroup;
			children = (
				E129A3452AA8B4F700A9E255 /* AddEditDiscView.swift */,
				E102BAB32ABF2C1800A58960 /* CameraView.swift */,
			);
			path = "Editing Views";
			sourceTree = "<group>";
		};
		E14B6A742ABFC3B100A6894C /* Extensions */ = {
			isa = PBXGroup;
			children = (
				E14B6A722ABFC36A00A6894C /* UIPickerController+CropFix.swift */,
			);
			path = Extensions;
			sourceTree = "<group>";
		};
		E1CE520E2AB096B70044134D /* Disc Listings */ = {
			isa = PBXGroup;
			children = (
				E13913FB2AB208B000CD9502 /* DiscTemplateList.swift */,
				E1CE52012AAF91B60044134D /* FilteredDiscView.swift */,
				E118E9902AC1B34A00BB2BAB /* Disc List */,
				E118E9A12AC1B83F00BB2BAB /* Disc Grid */,
				E118E99F2AC1B7E100BB2BAB /* DiscCollectionHeader.swift */,
			);
			path = "Disc Listings";
			sourceTree = "<group>";
		};
/* End PBXGroup section */

/* Begin PBXNativeTarget section */
		E129A32C2AA8B27900A9E255 /* DiscDrawer */ = {
			isa = PBXNativeTarget;
			buildConfigurationList = E129A33B2AA8B27A00A9E255 /* Build configuration list for PBXNativeTarget "DiscDrawer" */;
			buildPhases = (
				E129A3292AA8B27900A9E255 /* Sources */,
				E129A32A2AA8B27900A9E255 /* Frameworks */,
				E129A32B2AA8B27900A9E255 /* Resources */,
				E16034C92AC1BC7A00151F8F /* ShellScript */,
			);
			buildRules = (
			);
			dependencies = (
			);
			name = DiscDrawer;
			productName = DiscDrawer;
			productReference = E129A32D2AA8B27900A9E255 /* DiscDrawer.app */;
			productType = "com.apple.product-type.application";
		};
/* End PBXNativeTarget section */

/* Begin PBXProject section */
		E129A3252AA8B27900A9E255 /* Project object */ = {
			isa = PBXProject;
			attributes = {
				BuildIndependentTargetsInParallel = 1;
				LastSwiftUpdateCheck = 1430;
				LastUpgradeCheck = 1430;
				TargetAttributes = {
					E129A32C2AA8B27900A9E255 = {
						CreatedOnToolsVersion = 14.3.1;
					};
				};
			};
			buildConfigurationList = E129A3282AA8B27900A9E255 /* Build configuration list for PBXProject "DiscDrawer" */;
			compatibilityVersion = "Xcode 14.0";
			developmentRegion = en;
			hasScannedForEncodings = 0;
			knownRegions = (
				en,
				Base,
			);
			mainGroup = E129A3242AA8B27900A9E255;
			productRefGroup = E129A32E2AA8B27900A9E255 /* Products */;
			projectDirPath = "";
			projectRoot = "";
			targets = (
				E129A32C2AA8B27900A9E255 /* DiscDrawer */,
			);
		};
/* End PBXProject section */

/* Begin PBXResourcesBuildPhase section */
		E129A32B2AA8B27900A9E255 /* Resources */ = {
			isa = PBXResourcesBuildPhase;
			buildActionMask = 2147483647;
			files = (
				E129A3382AA8B27A00A9E255 /* Preview Assets.xcassets in Resources */,
				E129A3352AA8B27A00A9E255 /* Assets.xcassets in Resources */,
			);
			runOnlyForDeploymentPostprocessing = 0;
		};
/* End PBXResourcesBuildPhase section */

/* Begin PBXShellScriptBuildPhase section */
		E16034C92AC1BC7A00151F8F /* ShellScript */ = {
			isa = PBXShellScriptBuildPhase;
			alwaysOutOfDate = 1;
			buildActionMask = 2147483647;
			files = (
			);
			inputFileListPaths = (
			);
			inputPaths = (
			);
			outputFileListPaths = (
			);
			outputPaths = (
			);
			runOnlyForDeploymentPostprocessing = 0;
			shellPath = /bin/sh;
			shellScript = "if which swiftlint >/dev/null; then\n    swiftlint\nelse\n    echo \"Warning: Swiftlint not installed.\"\nfi\n";
		};
/* End PBXShellScriptBuildPhase section */

/* Begin PBXSourcesBuildPhase section */
		E129A3292AA8B27900A9E255 /* Sources */ = {
			isa = PBXSourcesBuildPhase;
			buildActionMask = 2147483647;
			files = (
				E14B6A732ABFC36A00A6894C /* UIPickerController+CropFix.swift in Sources */,
				E118E9A02AC1B7E100BB2BAB /* DiscCollectionHeader.swift in Sources */,
				E118E9922AC1B35700BB2BAB /* DiscListItem.swift in Sources */,
				E1570BAF2AB331B0007315C9 /* DiscDetailView.swift in Sources */,
				E13913FA2AB1E88E00CD9502 /* DiscTemplate+CoreDataProperties.swift in Sources */,
				E129A3332AA8B27900A9E255 /* ContentView.swift in Sources */,
				E102BAB42ABF2C1800A58960 /* CameraView.swift in Sources */,
				E1CE52142AB0A5850044134D /* LogoView.swift in Sources */,
				E1A8E2262AB78A4400903543 /* DiscTemplateDetailView.swift in Sources */,
				E118E99C2AC1B54700BB2BAB /* DiscTemplateDetailType.swift in Sources */,
				E1CE520D2AB094BA0044134D /* DiscList.swift in Sources */,
				E13914002AB20BE000CD9502 /* Disc+CoreDataClass.swift in Sources */,
				E13914012AB20BE000CD9502 /* Disc+CoreDataProperties.swift in Sources */,
				E118E99E2AC1B5AC00BB2BAB /* DiscTemplateDetailFlightNumbers.swift in Sources */,
				E1CE52102AB098730044134D /* DiscGrid.swift in Sources */,
				E13913F62AB1E84900CD9502 /* DiscDrawer.xcdatamodeld in Sources */,
				E13913FC2AB208B000CD9502 /* DiscTemplateList.swift in Sources */,
				E129A3462AA8B4F700A9E255 /* AddEditDiscView.swift in Sources */,
				E118E9972AC1B47300BB2BAB /* DiscDetailFlightNumbers.swift in Sources */,
				E118E9992AC1B4C200BB2BAB /* DiscDetailOtherInfo.swift in Sources */,
				E118E9942AC1B3DA00BB2BAB /* DiscListFlightNumbers.swift in Sources */,
				E118E9A32AC1B85600BB2BAB /* DiscGridItem.swift in Sources */,
				E13913F92AB1E88E00CD9502 /* DiscTemplate+CoreDataClass.swift in Sources */,
				E1CE52022AAF91B60044134D /* FilteredDiscView.swift in Sources */,
				E129A3442AA8B3A100A9E255 /* DataController.swift in Sources */,
				E129A3312AA8B27900A9E255 /* DiscDrawerApp.swift in Sources */,
			);
			runOnlyForDeploymentPostprocessing = 0;
		};
/* End PBXSourcesBuildPhase section */

/* Begin XCBuildConfiguration section */
		E129A3392AA8B27A00A9E255 /* Debug */ = {
			isa = XCBuildConfiguration;
			buildSettings = {
				ALWAYS_SEARCH_USER_PATHS = NO;
				CLANG_ANALYZER_NONNULL = YES;
				CLANG_ANALYZER_NUMBER_OBJECT_CONVERSION = YES_AGGRESSIVE;
				CLANG_CXX_LANGUAGE_STANDARD = "gnu++20";
				CLANG_ENABLE_MODULES = YES;
				CLANG_ENABLE_OBJC_ARC = YES;
				CLANG_ENABLE_OBJC_WEAK = YES;
				CLANG_WARN_BLOCK_CAPTURE_AUTORELEASING = YES;
				CLANG_WARN_BOOL_CONVERSION = YES;
				CLANG_WARN_COMMA = YES;
				CLANG_WARN_CONSTANT_CONVERSION = YES;
				CLANG_WARN_DEPRECATED_OBJC_IMPLEMENTATIONS = YES;
				CLANG_WARN_DIRECT_OBJC_ISA_USAGE = YES_ERROR;
				CLANG_WARN_DOCUMENTATION_COMMENTS = YES;
				CLANG_WARN_EMPTY_BODY = YES;
				CLANG_WARN_ENUM_CONVERSION = YES;
				CLANG_WARN_INFINITE_RECURSION = YES;
				CLANG_WARN_INT_CONVERSION = YES;
				CLANG_WARN_NON_LITERAL_NULL_CONVERSION = YES;
				CLANG_WARN_OBJC_IMPLICIT_RETAIN_SELF = YES;
				CLANG_WARN_OBJC_LITERAL_CONVERSION = YES;
				CLANG_WARN_OBJC_ROOT_CLASS = YES_ERROR;
				CLANG_WARN_QUOTED_INCLUDE_IN_FRAMEWORK_HEADER = YES;
				CLANG_WARN_RANGE_LOOP_ANALYSIS = YES;
				CLANG_WARN_STRICT_PROTOTYPES = YES;
				CLANG_WARN_SUSPICIOUS_MOVE = YES;
				CLANG_WARN_UNGUARDED_AVAILABILITY = YES_AGGRESSIVE;
				CLANG_WARN_UNREACHABLE_CODE = YES;
				CLANG_WARN__DUPLICATE_METHOD_MATCH = YES;
				COPY_PHASE_STRIP = NO;
				DEBUG_INFORMATION_FORMAT = dwarf;
				ENABLE_STRICT_OBJC_MSGSEND = YES;
				ENABLE_TESTABILITY = YES;
				GCC_C_LANGUAGE_STANDARD = gnu11;
				GCC_DYNAMIC_NO_PIC = NO;
				GCC_NO_COMMON_BLOCKS = YES;
				GCC_OPTIMIZATION_LEVEL = 0;
				GCC_PREPROCESSOR_DEFINITIONS = (
					"DEBUG=1",
					"$(inherited)",
				);
				GCC_WARN_64_TO_32_BIT_CONVERSION = YES;
				GCC_WARN_ABOUT_RETURN_TYPE = YES_ERROR;
				GCC_WARN_UNDECLARED_SELECTOR = YES;
				GCC_WARN_UNINITIALIZED_AUTOS = YES_AGGRESSIVE;
				GCC_WARN_UNUSED_FUNCTION = YES;
				GCC_WARN_UNUSED_VARIABLE = YES;
				IPHONEOS_DEPLOYMENT_TARGET = 16.4;
				MTL_ENABLE_DEBUG_INFO = INCLUDE_SOURCE;
				MTL_FAST_MATH = YES;
				ONLY_ACTIVE_ARCH = YES;
				SDKROOT = iphoneos;
				SWIFT_ACTIVE_COMPILATION_CONDITIONS = DEBUG;
				SWIFT_OPTIMIZATION_LEVEL = "-Onone";
			};
			name = Debug;
		};
		E129A33A2AA8B27A00A9E255 /* Release */ = {
			isa = XCBuildConfiguration;
			buildSettings = {
				ALWAYS_SEARCH_USER_PATHS = NO;
				CLANG_ANALYZER_NONNULL = YES;
				CLANG_ANALYZER_NUMBER_OBJECT_CONVERSION = YES_AGGRESSIVE;
				CLANG_CXX_LANGUAGE_STANDARD = "gnu++20";
				CLANG_ENABLE_MODULES = YES;
				CLANG_ENABLE_OBJC_ARC = YES;
				CLANG_ENABLE_OBJC_WEAK = YES;
				CLANG_WARN_BLOCK_CAPTURE_AUTORELEASING = YES;
				CLANG_WARN_BOOL_CONVERSION = YES;
				CLANG_WARN_COMMA = YES;
				CLANG_WARN_CONSTANT_CONVERSION = YES;
				CLANG_WARN_DEPRECATED_OBJC_IMPLEMENTATIONS = YES;
				CLANG_WARN_DIRECT_OBJC_ISA_USAGE = YES_ERROR;
				CLANG_WARN_DOCUMENTATION_COMMENTS = YES;
				CLANG_WARN_EMPTY_BODY = YES;
				CLANG_WARN_ENUM_CONVERSION = YES;
				CLANG_WARN_INFINITE_RECURSION = YES;
				CLANG_WARN_INT_CONVERSION = YES;
				CLANG_WARN_NON_LITERAL_NULL_CONVERSION = YES;
				CLANG_WARN_OBJC_IMPLICIT_RETAIN_SELF = YES;
				CLANG_WARN_OBJC_LITERAL_CONVERSION = YES;
				CLANG_WARN_OBJC_ROOT_CLASS = YES_ERROR;
				CLANG_WARN_QUOTED_INCLUDE_IN_FRAMEWORK_HEADER = YES;
				CLANG_WARN_RANGE_LOOP_ANALYSIS = YES;
				CLANG_WARN_STRICT_PROTOTYPES = YES;
				CLANG_WARN_SUSPICIOUS_MOVE = YES;
				CLANG_WARN_UNGUARDED_AVAILABILITY = YES_AGGRESSIVE;
				CLANG_WARN_UNREACHABLE_CODE = YES;
				CLANG_WARN__DUPLICATE_METHOD_MATCH = YES;
				COPY_PHASE_STRIP = NO;
				DEBUG_INFORMATION_FORMAT = "dwarf-with-dsym";
				ENABLE_NS_ASSERTIONS = NO;
				ENABLE_STRICT_OBJC_MSGSEND = YES;
				GCC_C_LANGUAGE_STANDARD = gnu11;
				GCC_NO_COMMON_BLOCKS = YES;
				GCC_WARN_64_TO_32_BIT_CONVERSION = YES;
				GCC_WARN_ABOUT_RETURN_TYPE = YES_ERROR;
				GCC_WARN_UNDECLARED_SELECTOR = YES;
				GCC_WARN_UNINITIALIZED_AUTOS = YES_AGGRESSIVE;
				GCC_WARN_UNUSED_FUNCTION = YES;
				GCC_WARN_UNUSED_VARIABLE = YES;
				IPHONEOS_DEPLOYMENT_TARGET = 16.4;
				MTL_ENABLE_DEBUG_INFO = NO;
				MTL_FAST_MATH = YES;
				SDKROOT = iphoneos;
				SWIFT_COMPILATION_MODE = wholemodule;
				SWIFT_OPTIMIZATION_LEVEL = "-O";
				VALIDATE_PRODUCT = YES;
			};
			name = Release;
		};
		E129A33C2AA8B27A00A9E255 /* Debug */ = {
			isa = XCBuildConfiguration;
			buildSettings = {
				ASSETCATALOG_COMPILER_APPICON_NAME = AppIcon;
				ASSETCATALOG_COMPILER_GLOBAL_ACCENT_COLOR_NAME = AccentColor;
				CODE_SIGN_STYLE = Automatic;
				CURRENT_PROJECT_VERSION = 1;
				DEVELOPMENT_ASSET_PATHS = "\"DiscDrawer/Preview Content\"";
				DEVELOPMENT_TEAM = XUYSV472G3;
				ENABLE_PREVIEWS = YES;
				GENERATE_INFOPLIST_FILE = YES;
				INFOPLIST_KEY_NSCameraUsageDescription = "Camera access is needed to take a photo.";
				INFOPLIST_KEY_UIApplicationSceneManifest_Generation = YES;
				INFOPLIST_KEY_UIApplicationSupportsIndirectInputEvents = YES;
				INFOPLIST_KEY_UILaunchScreen_Generation = YES;
				INFOPLIST_KEY_UISupportedInterfaceOrientations_iPad = "UIInterfaceOrientationPortrait UIInterfaceOrientationPortraitUpsideDown UIInterfaceOrientationLandscapeLeft UIInterfaceOrientationLandscapeRight";
				INFOPLIST_KEY_UISupportedInterfaceOrientations_iPhone = "UIInterfaceOrientationPortrait UIInterfaceOrientationLandscapeLeft UIInterfaceOrientationLandscapeRight";
				IPHONEOS_DEPLOYMENT_TARGET = 16.0;
				LD_RUNPATH_SEARCH_PATHS = (
					"$(inherited)",
					"@executable_path/Frameworks",
				);
				MARKETING_VERSION = 1.0;
				PRODUCT_BUNDLE_IDENTIFIER = com.brianaguirre.DiscDrawer;
				PRODUCT_NAME = "$(TARGET_NAME)";
				SUPPORTED_PLATFORMS = "iphoneos iphonesimulator";
				SUPPORTS_MACCATALYST = NO;
				SUPPORTS_MAC_DESIGNED_FOR_IPHONE_IPAD = NO;
				SWIFT_EMIT_LOC_STRINGS = YES;
				SWIFT_VERSION = 5.0;
				TARGETED_DEVICE_FAMILY = 1;
			};
			name = Debug;
		};
		E129A33D2AA8B27A00A9E255 /* Release */ = {
			isa = XCBuildConfiguration;
			buildSettings = {
				ASSETCATALOG_COMPILER_APPICON_NAME = AppIcon;
				ASSETCATALOG_COMPILER_GLOBAL_ACCENT_COLOR_NAME = AccentColor;
				CODE_SIGN_STYLE = Automatic;
				CURRENT_PROJECT_VERSION = 1;
				DEVELOPMENT_ASSET_PATHS = "\"DiscDrawer/Preview Content\"";
				DEVELOPMENT_TEAM = XUYSV472G3;
				ENABLE_PREVIEWS = YES;
				GENERATE_INFOPLIST_FILE = YES;
				INFOPLIST_KEY_NSCameraUsageDescription = "Camera access is needed to take a photo.";
				INFOPLIST_KEY_UIApplicationSceneManifest_Generation = YES;
				INFOPLIST_KEY_UIApplicationSupportsIndirectInputEvents = YES;
				INFOPLIST_KEY_UILaunchScreen_Generation = YES;
				INFOPLIST_KEY_UISupportedInterfaceOrientations_iPad = "UIInterfaceOrientationPortrait UIInterfaceOrientationPortraitUpsideDown UIInterfaceOrientationLandscapeLeft UIInterfaceOrientationLandscapeRight";
				INFOPLIST_KEY_UISupportedInterfaceOrientations_iPhone = "UIInterfaceOrientationPortrait UIInterfaceOrientationLandscapeLeft UIInterfaceOrientationLandscapeRight";
				IPHONEOS_DEPLOYMENT_TARGET = 16.0;
				LD_RUNPATH_SEARCH_PATHS = (
					"$(inherited)",
					"@executable_path/Frameworks",
				);
				MARKETING_VERSION = 1.0;
				PRODUCT_BUNDLE_IDENTIFIER = com.brianaguirre.DiscDrawer;
				PRODUCT_NAME = "$(TARGET_NAME)";
				SUPPORTED_PLATFORMS = "iphoneos iphonesimulator";
				SUPPORTS_MACCATALYST = NO;
				SUPPORTS_MAC_DESIGNED_FOR_IPHONE_IPAD = NO;
				SWIFT_EMIT_LOC_STRINGS = YES;
				SWIFT_VERSION = 5.0;
				TARGETED_DEVICE_FAMILY = 1;
			};
			name = Release;
		};
/* End XCBuildConfiguration section */

/* Begin XCConfigurationList section */
		E129A3282AA8B27900A9E255 /* Build configuration list for PBXProject "DiscDrawer" */ = {
			isa = XCConfigurationList;
			buildConfigurations = (
				E129A3392AA8B27A00A9E255 /* Debug */,
				E129A33A2AA8B27A00A9E255 /* Release */,
			);
			defaultConfigurationIsVisible = 0;
			defaultConfigurationName = Release;
		};
		E129A33B2AA8B27A00A9E255 /* Build configuration list for PBXNativeTarget "DiscDrawer" */ = {
			isa = XCConfigurationList;
			buildConfigurations = (
				E129A33C2AA8B27A00A9E255 /* Debug */,
				E129A33D2AA8B27A00A9E255 /* Release */,
			);
			defaultConfigurationIsVisible = 0;
			defaultConfigurationName = Release;
		};
/* End XCConfigurationList section */

/* Begin XCVersionGroup section */
		E13913F42AB1E84900CD9502 /* DiscDrawer.xcdatamodeld */ = {
			isa = XCVersionGroup;
			children = (
				E13913F52AB1E84900CD9502 /* DiscDrawer.xcdatamodel */,
			);
			currentVersion = E13913F52AB1E84900CD9502 /* DiscDrawer.xcdatamodel */;
			path = DiscDrawer.xcdatamodeld;
			sourceTree = "<group>";
			versionGroupType = wrapper.xcdatamodel;
		};
/* End XCVersionGroup section */
	};
	rootObject = E129A3252AA8B27900A9E255 /* Project object */;
}
